
Microsoft Visual Studio Solution File, Format Version 12.00
# Visual Studio 14
VisualStudioVersion = 14.0.25420.1
MinimumVisualStudioVersion = 10.0.40219.1
Project("{FAE04EC0-301F-11D3-BF4B-00C04F79EFBC}") = "TestSqlArticle", "TestSqlArticle\TestSqlArticle.csproj", "{B211FEF6-9C47-4E71-888B-4F6A2DAA30F2}"
EndProject
Project("{FAE04EC0-301F-11D3-BF4B-00C04F79EFBC}") = "SqlDataExtractor", "SqlDataExtractor\SqlDataExtractor.csproj", "{BA4EB636-2E78-438E-B3E6-A3DAAB363B52}"
EndProject
Project("{FAE04EC0-301F-11D3-BF4B-00C04F79EFBC}") = "Ix4Models", "Ix4Models\Ix4Models.csproj", "{FC7C4D19-401C-43B8-A054-1F4C1C6B8228}"
EndProject
Project("{FAE04EC0-301F-11D3-BF4B-00C04F79EFBC}") = "CryptoModule", "CryptoModule\CryptoModule.csproj", "{20BC0FD4-CEC0-4DF9-B96A-AFD6026DC84E}"
EndProject
Global
	GlobalSection(SolutionConfigurationPlatforms) = preSolution
		Debug|Any CPU = Debug|Any CPU
		Release|Any CPU = Release|Any CPU
	EndGlobalSection
	GlobalSection(ProjectConfigurationPlatforms) = postSolution
		{B211FEF6-9C47-4E71-888B-4F6A2DAA30F2}.Debug|Any CPU.ActiveCfg = Debug|Any CPU
		{B211FEF6-9C47-4E71-888B-4F6A2DAA30F2}.Debug|Any CPU.Build.0 = Debug|Any CPU
		{B211FEF6-9C47-4E71-888B-4F6A2DAA30F2}.Release|Any CPU.ActiveCfg = Release|Any CPU
		{B211FEF6-9C47-4E71-888B-4F6A2DAA30F2}.Release|Any CPU.Build.0 = Release|Any CPU
		{BA4EB636-2E78-438E-B3E6-A3DAAB363B52}.Debug|Any CPU.ActiveCfg = Debug|Any CPU
		{BA4EB636-2E78-438E-B3E6-A3DAAB363B52}.Debug|Any CPU.Build.0 = Debug|Any CPU
		{BA4EB636-2E78-438E-B3E6-A3DAAB363B52}.Release|Any CPU.ActiveCfg = Release|Any CPU
		{BA4EB636-2E78-438E-B3E6-A3DAAB363B52}.Release|Any CPU.Build.0 = Release|Any CPU
		{FC7C4D19-401C-43B8-A054-1F4C1C6B8228}.Debug|Any CPU.ActiveCfg = Debug|Any CPU
		{FC7C4D19-401C-43B8-A054-1F4C1C6B8228}.Debug|Any CPU.Build.0 = Debug|Any CPU
		{FC7C4D19-401C-43B8-A054-1F4C1C6B8228}.Release|Any CPU.ActiveCfg = Release|Any CPU
		{FC7C4D19-401C-43B8-A054-1F4C1C6B8228}.Release|Any CPU.Build.0 = Release|Any CPU
		{20BC0FD4-CEC0-4DF9-B96A-AFD6026DC84E}.Debug|Any CPU.ActiveCfg = Debug|Any CPU
		{20BC0FD4-CEC0-4DF9-B96A-AFD6026DC84E}.Debug|Any CPU.Build.0 = Debug|Any CPU
		{20BC0FD4-CEC0-4DF9-B96A-AFD6026DC84E}.Release|Any CPU.ActiveCfg = Release|Any CPU
		{20BC0FD4-CEC0-4DF9-B96A-AFD6026DC84E}.Release|Any CPU.Build.0 = Release|Any CPU
	EndGlobalSection
	GlobalSection(SolutionProperties) = preSolution
		HideSolutionNode = FALSE
	EndGlobalSection
EndGlobal
